# This file is automatically @generated by Cargo.
# It is not intended for manual editing.
version = 4

[[package]]
name = "core_simd"
version = "0.1.0"
source = "git+https://github.com/rust-lang/portable-simd.git#b4f4785d9b070111b8ee9df60a5344af78479267"

[[package]]
name = "mythril"
version = "0.1.0"
dependencies = [
 "rtrb",
 "simd_util",
]

[[package]]
name = "rtrb"
version = "0.3.2"
source = "registry+https://github.com/rust-lang/crates.io-index"
checksum = "ad8388ea1a9e0ea807e442e8263a699e7edcb320ecbcd21b4fa8ff859acce3ba"

[[package]]
name = "simd_util"
version = "0.1.0"
source = "git+https://github.com/AquaEBM/simd_util.git#d286b97765ca55fcd18b949dfe8fe81ac2988faa"
dependencies = [
 "core_simd",
 "std_float",
]

[[package]]
name = "std_float"
version = "0.1.0"
source = "git+https://github.com/rust-lang/portable-simd.git#b4f4785d9b070111b8ee9df60a5344af78479267"
dependencies = [
 "core_simd",
]
