# This file is automatically @generated by Cargo.
# It is not intended for manual editing.
version = 4

[[package]]
name = "core_simd"
version = "0.1.0"
source = "git+https://github.com/rust-lang/portable-simd.git#68947612ba26221ced5ce99879f52229320e5157"

[[package]]
name = "mythril"
version = "0.1.0"
dependencies = [
 "rtrb",
 "simd_util",
]

[[package]]
name = "rtrb"
version = "0.3.2"
source = "registry+https://github.com/rust-lang/crates.io-index"
checksum = "ad8388ea1a9e0ea807e442e8263a699e7edcb320ecbcd21b4fa8ff859acce3ba"

[[package]]
name = "simd_util"
version = "0.1.0"
source = "git+https://github.com/AquaEBM/simd_util.git#e7a1576162e06f525c87b38e984356c780d4680a"
dependencies = [
 "core_simd",
 "std_float",
]

[[package]]
name = "std_float"
version = "0.1.0"
source = "git+https://github.com/rust-lang/portable-simd.git#68947612ba26221ced5ce99879f52229320e5157"
dependencies = [
 "core_simd",
]
